
Microsoft Visual Studio Solution File, Format Version 12.00
# Visual Studio Version 17
VisualStudioVersion = 17.10.35027.167
MinimumVisualStudioVersion = 10.0.40219.1
Project("{9A19103F-16F7-4668-BE54-9A1E7A4F7556}") = "OFX-To-XLSX-Converter", "OFX-To-XLSX-Converter\OFX-To-XLSX-Converter.csproj", "{47377EB8-AD53-428F-912D-17D359CB5901}"
EndProject
Project("{FAE04EC0-301F-11D3-BF4B-00C04F79EFBC}") = "OFX-To-XLSX", "OFX-To-XLSX\OFX-To-XLSX.csproj", "{361385AD-7B50-41F0-8E11-28E86F4555A1}"
EndProject
Global
	GlobalSection(SolutionConfigurationPlatforms) = preSolution
		Debug|Any CPU = Debug|Any CPU
		Release|Any CPU = Release|Any CPU
	EndGlobalSection
	GlobalSection(ProjectConfigurationPlatforms) = postSolution
		{47377EB8-AD53-428F-912D-17D359CB5901}.Debug|Any CPU.ActiveCfg = Debug|Any CPU
		{47377EB8-AD53-428F-912D-17D359CB5901}.Debug|Any CPU.Build.0 = Debug|Any CPU
		{47377EB8-AD53-428F-912D-17D359CB5901}.Release|Any CPU.ActiveCfg = Release|Any CPU
		{47377EB8-AD53-428F-912D-17D359CB5901}.Release|Any CPU.Build.0 = Release|Any CPU
		{361385AD-7B50-41F0-8E11-28E86F4555A1}.Debug|Any CPU.ActiveCfg = Debug|Any CPU
		{361385AD-7B50-41F0-8E11-28E86F4555A1}.Debug|Any CPU.Build.0 = Debug|Any CPU
		{361385AD-7B50-41F0-8E11-28E86F4555A1}.Release|Any CPU.ActiveCfg = Release|Any CPU
		{361385AD-7B50-41F0-8E11-28E86F4555A1}.Release|Any CPU.Build.0 = Release|Any CPU
	EndGlobalSection
	GlobalSection(SolutionProperties) = preSolution
		HideSolutionNode = FALSE
	EndGlobalSection
	GlobalSection(ExtensibilityGlobals) = postSolution
		SolutionGuid = {1B7E494D-101C-43C0-ACA7-C3B9A19A79FF}
	EndGlobalSection
EndGlobal
